
Microsoft Visual Studio Solution File, Format Version 12.00
# Visual Studio Version 17
VisualStudioVersion = 17.4.33205.214
MinimumVisualStudioVersion = 10.0.40219.1
Project("{FAE04EC0-301F-11D3-BF4B-00C04F79EFBC}") = "DataViewExample", "DataViewExample.csproj", "{8529E7CB-16F8-4F30-9113-DFC6A1EE40FF}"
EndProject
Global
	GlobalSection(SolutionConfigurationPlatforms) = preSolution
		Debug|Any CPU = Debug|Any CPU
		Release|Any CPU = Release|Any CPU
	EndGlobalSection
	GlobalSection(ProjectConfigurationPlatforms) = postSolution
		{8529E7CB-16F8-4F30-9113-DFC6A1EE40FF}.Debug|Any CPU.ActiveCfg = Debug|Any CPU
		{8529E7CB-16F8-4F30-9113-DFC6A1EE40FF}.Debug|Any CPU.Build.0 = Debug|Any CPU
		{8529E7CB-16F8-4F30-9113-DFC6A1EE40FF}.Release|Any CPU.ActiveCfg = Release|Any CPU
		{8529E7CB-16F8-4F30-9113-DFC6A1EE40FF}.Release|Any CPU.Build.0 = Release|Any CPU
	EndGlobalSection
	GlobalSection(SolutionProperties) = preSolution
		HideSolutionNode = FALSE
	EndGlobalSection
	GlobalSection(ExtensibilityGlobals) = postSolution
		SolutionGuid = {7FB36286-83A0-4464-B9A3-9E8E24F38F11}
	EndGlobalSection
EndGlobal
