
Microsoft Visual Studio Solution File, Format Version 12.00
# Visual Studio Version 17
VisualStudioVersion = 17.4.33205.214
MinimumVisualStudioVersion = 10.0.40219.1
Project("{FAE04EC0-301F-11D3-BF4B-00C04F79EFBC}") = "DSConnect", "DSConnect.csproj", "{FEF86535-8BD9-4222-A5EC-0EA89AB82EE5}"
EndProject
Global
	GlobalSection(SolutionConfigurationPlatforms) = preSolution
		Debug|Any CPU = Debug|Any CPU
		Release|Any CPU = Release|Any CPU
	EndGlobalSection
	GlobalSection(ProjectConfigurationPlatforms) = postSolution
		{FEF86535-8BD9-4222-A5EC-0EA89AB82EE5}.Debug|Any CPU.ActiveCfg = Debug|Any CPU
		{FEF86535-8BD9-4222-A5EC-0EA89AB82EE5}.Debug|Any CPU.Build.0 = Debug|Any CPU
		{FEF86535-8BD9-4222-A5EC-0EA89AB82EE5}.Release|Any CPU.ActiveCfg = Release|Any CPU
		{FEF86535-8BD9-4222-A5EC-0EA89AB82EE5}.Release|Any CPU.Build.0 = Release|Any CPU
	EndGlobalSection
	GlobalSection(SolutionProperties) = preSolution
		HideSolutionNode = FALSE
	EndGlobalSection
	GlobalSection(ExtensibilityGlobals) = postSolution
		SolutionGuid = {553C6E49-5303-4AAB-9F50-207D806F5DAD}
	EndGlobalSection
EndGlobal
